
Microsoft Visual Studio Solution File, Format Version 12.00
# Visual Studio Version 17
VisualStudioVersion = 17.5.002.0
MinimumVisualStudioVersion = 10.0.40219.1
Project("{9A19103F-16F7-4668-BE54-9A1E7A4F7556}") = "implementandoQuickSort", "implementandoQuickSort.csproj", "{BA10B666-4F30-422D-8BE2-BA5E5665598A}"
EndProject
Global
	GlobalSection(SolutionConfigurationPlatforms) = preSolution
		Debug|Any CPU = Debug|Any CPU
		Release|Any CPU = Release|Any CPU
	EndGlobalSection
	GlobalSection(ProjectConfigurationPlatforms) = postSolution
		{BA10B666-4F30-422D-8BE2-BA5E5665598A}.Debug|Any CPU.ActiveCfg = Debug|Any CPU
		{BA10B666-4F30-422D-8BE2-BA5E5665598A}.Debug|Any CPU.Build.0 = Debug|Any CPU
		{BA10B666-4F30-422D-8BE2-BA5E5665598A}.Release|Any CPU.ActiveCfg = Release|Any CPU
		{BA10B666-4F30-422D-8BE2-BA5E5665598A}.Release|Any CPU.Build.0 = Release|Any CPU
	EndGlobalSection
	GlobalSection(SolutionProperties) = preSolution
		HideSolutionNode = FALSE
	EndGlobalSection
	GlobalSection(ExtensibilityGlobals) = postSolution
		SolutionGuid = {C00D7EA8-DDFE-4329-92E9-1A84EC4619E8}
	EndGlobalSection
EndGlobal
